
Microsoft Visual Studio Solution File, Format Version 12.00
# Visual Studio Version 17
VisualStudioVersion = 17.14.36414.22 d17.14
MinimumVisualStudioVersion = 10.0.40219.1
Project("{8BC9CEB8-8B4A-11D0-8D11-00A0C91BC942}") = "main", "main.vcxproj", "{6B52B34A-9CA4-49DB-B00F-71F73F4C49BF}"
EndProject
Global
	GlobalSection(SolutionConfigurationPlatforms) = preSolution
		Debug|x64 = Debug|x64
		Debug|x86 = Debug|x86
		Release|x64 = Release|x64
		Release|x86 = Release|x86
	EndGlobalSection
	GlobalSection(ProjectConfigurationPlatforms) = postSolution
		{6B52B34A-9CA4-49DB-B00F-71F73F4C49BF}.Debug|x64.ActiveCfg = Debug|x64
		{6B52B34A-9CA4-49DB-B00F-71F73F4C49BF}.Debug|x64.Build.0 = Debug|x64
		{6B52B34A-9CA4-49DB-B00F-71F73F4C49BF}.Debug|x86.ActiveCfg = Debug|Win32
		{6B52B34A-9CA4-49DB-B00F-71F73F4C49BF}.Debug|x86.Build.0 = Debug|Win32
		{6B52B34A-9CA4-49DB-B00F-71F73F4C49BF}.Release|x64.ActiveCfg = Release|x64
		{6B52B34A-9CA4-49DB-B00F-71F73F4C49BF}.Release|x64.Build.0 = Release|x64
		{6B52B34A-9CA4-49DB-B00F-71F73F4C49BF}.Release|x86.ActiveCfg = Release|Win32
		{6B52B34A-9CA4-49DB-B00F-71F73F4C49BF}.Release|x86.Build.0 = Release|Win32
	EndGlobalSection
	GlobalSection(SolutionProperties) = preSolution
		HideSolutionNode = FALSE
	EndGlobalSection
	GlobalSection(ExtensibilityGlobals) = postSolution
		SolutionGuid = {D0FF0BE7-48D1-4D16-9587-3C93D137BC5A}
	EndGlobalSection
EndGlobal
