
Microsoft Visual Studio Solution File, Format Version 12.00
# Visual Studio Version 17
VisualStudioVersion = 17.14.36414.22 d17.14
MinimumVisualStudioVersion = 10.0.40219.1
Project("{8BC9CEB8-8B4A-11D0-8D11-00A0C91BC942}") = "main21", "main21.vcxproj", "{38FD85A1-B87A-43EE-B7AA-2A0A0B09B6C4}"
EndProject
Global
	GlobalSection(SolutionConfigurationPlatforms) = preSolution
		Debug|x64 = Debug|x64
		Debug|x86 = Debug|x86
		Release|x64 = Release|x64
		Release|x86 = Release|x86
	EndGlobalSection
	GlobalSection(ProjectConfigurationPlatforms) = postSolution
		{38FD85A1-B87A-43EE-B7AA-2A0A0B09B6C4}.Debug|x64.ActiveCfg = Debug|x64
		{38FD85A1-B87A-43EE-B7AA-2A0A0B09B6C4}.Debug|x64.Build.0 = Debug|x64
		{38FD85A1-B87A-43EE-B7AA-2A0A0B09B6C4}.Debug|x86.ActiveCfg = Debug|Win32
		{38FD85A1-B87A-43EE-B7AA-2A0A0B09B6C4}.Debug|x86.Build.0 = Debug|Win32
		{38FD85A1-B87A-43EE-B7AA-2A0A0B09B6C4}.Release|x64.ActiveCfg = Release|x64
		{38FD85A1-B87A-43EE-B7AA-2A0A0B09B6C4}.Release|x64.Build.0 = Release|x64
		{38FD85A1-B87A-43EE-B7AA-2A0A0B09B6C4}.Release|x86.ActiveCfg = Release|Win32
		{38FD85A1-B87A-43EE-B7AA-2A0A0B09B6C4}.Release|x86.Build.0 = Release|Win32
	EndGlobalSection
	GlobalSection(SolutionProperties) = preSolution
		HideSolutionNode = FALSE
	EndGlobalSection
	GlobalSection(ExtensibilityGlobals) = postSolution
		SolutionGuid = {499E6C3D-2513-4E40-8D64-01EEAB3C07D9}
	EndGlobalSection
EndGlobal
